
Microsoft Visual Studio Solution File, Format Version 12.00
# Visual Studio Version 17
VisualStudioVersion = 17.5.002.0
MinimumVisualStudioVersion = 10.0.40219.1
Project("{9A19103F-16F7-4668-BE54-9A1E7A4F7556}") = "api", "api.csproj", "{F06F9E91-385A-4EFB-A898-A105B35E9DF8}"
EndProject
Global
	GlobalSection(SolutionConfigurationPlatforms) = preSolution
		Debug|Any CPU = Debug|Any CPU
		Release|Any CPU = Release|Any CPU
	EndGlobalSection
	GlobalSection(ProjectConfigurationPlatforms) = postSolution
		{F06F9E91-385A-4EFB-A898-A105B35E9DF8}.Debug|Any CPU.ActiveCfg = Debug|Any CPU
		{F06F9E91-385A-4EFB-A898-A105B35E9DF8}.Debug|Any CPU.Build.0 = Debug|Any CPU
		{F06F9E91-385A-4EFB-A898-A105B35E9DF8}.Release|Any CPU.ActiveCfg = Release|Any CPU
		{F06F9E91-385A-4EFB-A898-A105B35E9DF8}.Release|Any CPU.Build.0 = Release|Any CPU
	EndGlobalSection
	GlobalSection(SolutionProperties) = preSolution
		HideSolutionNode = FALSE
	EndGlobalSection
	GlobalSection(ExtensibilityGlobals) = postSolution
		SolutionGuid = {BB4695D5-3695-46E2-9B52-CC3F5BE31667}
	EndGlobalSection
EndGlobal
